// !$*UTF8*$!
{
	archiveVersion = 1;
	classes = {
	};
	objectVersion = 46;
	objects = {

/* Begin PBXBuildFile section */
		C0434F941FC8704F00D56E42 /* AppDelegate.swift in Sources */ = {isa = PBXBuildFile; fileRef = C0434F931FC8704F00D56E42 /* AppDelegate.swift */; };
		C0434F961FC8704F00D56E42 /* ViewController.swift in Sources */ = {isa = PBXBuildFile; fileRef = C0434F951FC8704F00D56E42 /* ViewController.swift */; };
		C0434F991FC8704F00D56E42 /* Main.storyboard in Resources */ = {isa = PBXBuildFile; fileRef = C0434F971FC8704F00D56E42 /* Main.storyboard */; };
		C0434F9C1FC8704F00D56E42 /* DreamLister.xcdatamodeld in Sources */ = {isa = PBXBuildFile; fileRef = C0434F9A1FC8704F00D56E42 /* DreamLister.xcdatamodeld */; };
		C0434F9E1FC8704F00D56E42 /* Assets.xcassets in Resources */ = {isa = PBXBuildFile; fileRef = C0434F9D1FC8704F00D56E42 /* Assets.xcassets */; };
		C0434FA11FC8704F00D56E42 /* LaunchScreen.storyboard in Resources */ = {isa = PBXBuildFile; fileRef = C0434F9F1FC8704F00D56E42 /* LaunchScreen.storyboard */; };
/* End PBXBuildFile section */

/* Begin PBXFileReference section */
		C0434F901FC8704F00D56E42 /* DreamLister.app */ = {isa = PBXFileReference; explicitFileType = wrapper.application; includeInIndex = 0; path = DreamLister.app; sourceTree = BUILT_PRODUCTS_DIR; };
		C0434F931FC8704F00D56E42 /* AppDelegate.swift */ = {isa = PBXFileReference; lastKnownFileType = sourcecode.swift; path = AppDelegate.swift; sourceTree = "<group>"; };
		C0434F951FC8704F00D56E42 /* ViewController.swift */ = {isa = PBXFileReference; lastKnownFileType = sourcecode.swift; path = ViewController.swift; sourceTree = "<group>"; };
		C0434F981FC8704F00D56E42 /* Base */ = {isa = PBXFileReference; lastKnownFileType = file.storyboard; name = Base; path = Base.lproj/Main.storyboard; sourceTree = "<group>"; };
		C0434F9B1FC8704F00D56E42 /* DreamLister.xcdatamodel */ = {isa = PBXFileReference; lastKnownFileType = wrapper.xcdatamodel; path = DreamLister.xcdatamodel; sourceTree = "<group>"; };
		C0434F9D1FC8704F00D56E42 /* Assets.xcassets */ = {isa = PBXFileReference; lastKnownFileType = folder.assetcatalog; path = Assets.xcassets; sourceTree = "<group>"; };
		C0434FA01FC8704F00D56E42 /* Base */ = {isa = PBXFileReference; lastKnownFileType = file.storyboard; name = Base; path = Base.lproj/LaunchScreen.storyboard; sourceTree = "<group>"; };
		C0434FA21FC8704F00D56E42 /* Info.plist */ = {isa = PBXFileReference; lastKnownFileType = text.plist.xml; path = Info.plist; sourceTree = "<group>"; };
/* End PBXFileReference section */

/* Begin PBXFrameworksBuildPhase section */
		C0434F8D1FC8704E00D56E42 /* Frameworks */ = {
			isa = PBXFrameworksBuildPhase;
			buildActionMask = 2147483647;
			files = (
			);
			runOnlyForDeploymentPostprocessing = 0;
		};
/* End PBXFrameworksBuildPhase section */

/* Begin PBXGroup section */
		C0434F871FC8704E00D56E42 = {
			isa = PBXGroup;
			children = (
				C0434F921FC8704F00D56E42 /* DreamLister */,
				C0434F911FC8704F00D56E42 /* Products */,
			);
			sourceTree = "<group>";
		};
		C0434F911FC8704F00D56E42 /* Products */ = {
			isa = PBXGroup;
			children = (
				C0434F901FC8704F00D56E42 /* DreamLister.app */,
			);
			name = Products;
			sourceTree = "<group>";
		};
		C0434F921FC8704F00D56E42 /* DreamLister */ = {
			isa = PBXGroup;
			children = (
				C0434F931FC8704F00D56E42 /* AppDelegate.swift */,
				C0434F951FC8704F00D56E42 /* ViewController.swift */,
				C0434F971FC8704F00D56E42 /* Main.storyboard */,
				C0434F9D1FC8704F00D56E42 /* Assets.xcassets */,
				C0434F9F1FC8704F00D56E42 /* LaunchScreen.storyboard */,
				C0434FA21FC8704F00D56E42 /* Info.plist */,
				C0434F9A1FC8704F00D56E42 /* DreamLister.xcdatamodeld */,
			);
			path = DreamLister;
			sourceTree = "<group>";
		};
/* End PBXGroup section */

/* Begin PBXNativeTarget section */
		C0434F8F1FC8704E00D56E42 /* DreamLister */ = {
			isa = PBXNativeTarget;
			buildConfigurationList = C0434FA51FC8704F00D56E42 /* Build configuration list for PBXNativeTarget "DreamLister" */;
			buildPhases = (
				C0434F8C1FC8704E00D56E42 /* Sources */,
				C0434F8D1FC8704E00D56E42 /* Frameworks */,
				C0434F8E1FC8704E00D56E42 /* Resources */,
			);
			buildRules = (
			);
			dependencies = (
			);
			name = DreamLister;
			productName = DreamLister;
			productReference = C0434F901FC8704F00D56E42 /* DreamLister.app */;
			productType = "com.apple.product-type.application";
		};
/* End PBXNativeTarget section */

/* Begin PBXProject section */
		C0434F881FC8704E00D56E42 /* Project object */ = {
			isa = PBXProject;
			attributes = {
				LastSwiftUpdateCheck = 0820;
				LastUpgradeCheck = 0820;
				ORGANIZATIONNAME = "Andrew McGovern";
				TargetAttributes = {
					C0434F8F1FC8704E00D56E42 = {
						CreatedOnToolsVersion = 8.2.1;
						DevelopmentTeam = V4P7JY664L;
						ProvisioningStyle = Automatic;
					};
				};
			};
			buildConfigurationList = C0434F8B1FC8704E00D56E42 /* Build configuration list for PBXProject "DreamLister" */;
			compatibilityVersion = "Xcode 3.2";
			developmentRegion = English;
			hasScannedForEncodings = 0;
			knownRegions = (
				en,
				Base,
			);
			mainGroup = C0434F871FC8704E00D56E42;
			productRefGroup = C0434F911FC8704F00D56E42 /* Products */;
			projectDirPath = "";
			projectRoot = "";
			targets = (
				C0434F8F1FC8704E00D56E42 /* DreamLister */,
			);
		};
/* End PBXProject section */

/* Begin PBXResourcesBuildPhase section */
		C0434F8E1FC8704E00D56E42 /* Resources */ = {
			isa = PBXResourcesBuildPhase;
			buildActionMask = 2147483647;
			files = (
				C0434FA11FC8704F00D56E42 /* LaunchScreen.storyboard in Resources */,
				C0434F9E1FC8704F00D56E42 /* Assets.xcassets in Resources */,
				C0434F991FC8704F00D56E42 /* Main.storyboard in Resources */,
			);
			runOnlyForDeploymentPostprocessing = 0;
		};
/* End PBXResourcesBuildPhase section */

/* Begin PBXSourcesBuildPhase section */
		C0434F8C1FC8704E00D56E42 /* Sources */ = {
			isa = PBXSourcesBuildPhase;
			buildActionMask = 2147483647;
			files = (
				C0434F961FC8704F00D56E42 /* ViewController.swift in Sources */,
				C0434F941FC8704F00D56E42 /* AppDelegate.swift in Sources */,
				C0434F9C1FC8704F00D56E42 /* DreamLister.xcdatamodeld in Sources */,
			);
			runOnlyForDeploymentPostprocessing = 0;
		};
/* End PBXSourcesBuildPhase section */

/* Begin PBXVariantGroup section */
		C0434F971FC8704F00D56E42 /* Main.storyboard */ = {
			isa = PBXVariantGroup;
			children = (
				C0434F981FC8704F00D56E42 /* Base */,
			);
			name = Main.storyboard;
			sourceTree = "<group>";
		};
		C0434F9F1FC8704F00D56E42 /* LaunchScreen.storyboard */ = {
			isa = PBXVariantGroup;
			children = (
				C0434FA01FC8704F00D56E42 /* Base */,
			);
			name = LaunchScreen.storyboard;
			sourceTree = "<group>";
		};
/* End PBXVariantGroup section */

/* Begin XCBuildConfiguration section */
		C0434FA31FC8704F00D56E42 /* Debug */ = {
			isa = XCBuildConfiguration;
			buildSettings = {
				ALWAYS_SEARCH_USER_PATHS = NO;
				CLANG_ANALYZER_NONNULL = YES;
				CLANG_CXX_LANGUAGE_STANDARD = "gnu++0x";
				CLANG_CXX_LIBRARY = "libc++";
				CLANG_ENABLE_MODULES = YES;
				CLANG_ENABLE_OBJC_ARC = YES;
				CLANG_WARN_BOOL_CONVERSION = YES;
				CLANG_WARN_CONSTANT_CONVERSION = YES;
				CLANG_WARN_DIRECT_OBJC_ISA_USAGE = YES_ERROR;
				CLANG_WARN_DOCUMENTATION_COMMENTS = YES;
				CLANG_WARN_EMPTY_BODY = YES;
				CLANG_WARN_ENUM_CONVERSION = YES;
				CLANG_WARN_INFINITE_RECURSION = YES;
				CLANG_WARN_INT_CONVERSION = YES;
				CLANG_WARN_OBJC_ROOT_CLASS = YES_ERROR;
				CLANG_WARN_SUSPICIOUS_MOVE = YES;
				CLANG_WARN_UNREACHABLE_CODE = YES;
				CLANG_WARN__DUPLICATE_METHOD_MATCH = YES;
				"CODE_SIGN_IDENTITY[sdk=iphoneos*]" = "iPhone Developer";
				COPY_PHASE_STRIP = NO;
				DEBUG_INFORMATION_FORMAT = dwarf;
				ENABLE_STRICT_OBJC_MSGSEND = YES;
				ENABLE_TESTABILITY = YES;
				GCC_C_LANGUAGE_STANDARD = gnu99;
				GCC_DYNAMIC_NO_PIC = NO;
				GCC_NO_COMMON_BLOCKS = YES;
				GCC_OPTIMIZATION_LEVEL = 0;
				GCC_PREPROCESSOR_DEFINITIONS = (
					"DEBUG=1",
					"$(inherited)",
				);
				GCC_WARN_64_TO_32_BIT_CONVERSION = YES;
				GCC_WARN_ABOUT_RETURN_TYPE = YES_ERROR;
				GCC_WARN_UNDECLARED_SELECTOR = YES;
				GCC_WARN_UNINITIALIZED_AUTOS = YES_AGGRESSIVE;
				GCC_WARN_UNUSED_FUNCTION = YES;
				GCC_WARN_UNUSED_VARIABLE = YES;
				IPHONEOS_DEPLOYMENT_TARGET = 10.2;
				MTL_ENABLE_DEBUG_INFO = YES;
				ONLY_ACTIVE_ARCH = YES;
				SDKROOT = iphoneos;
				SWIFT_ACTIVE_COMPILATION_CONDITIONS = DEBUG;
				SWIFT_OPTIMIZATION_LEVEL = "-Onone";
				TARGETED_DEVICE_FAMILY = "1,2";
			};
			name = Debug;
		};
		C0434FA41FC8704F00D56E42 /* Release */ = {
			isa = XCBuildConfiguration;
			buildSettings = {
				ALWAYS_SEARCH_USER_PATHS = NO;
				CLANG_ANALYZER_NONNULL = YES;
				CLANG_CXX_LANGUAGE_STANDARD = "gnu++0x";
				CLANG_CXX_LIBRARY = "libc++";
				CLANG_ENABLE_MODULES = YES;
				CLANG_ENABLE_OBJC_ARC = YES;
				CLANG_WARN_BOOL_CONVERSION = YES;
				CLANG_WARN_CONSTANT_CONVERSION = YES;
				CLANG_WARN_DIRECT_OBJC_ISA_USAGE = YES_ERROR;
				CLANG_WARN_DOCUMENTATION_COMMENTS = YES;
				CLANG_WARN_EMPTY_BODY = YES;
				CLANG_WARN_ENUM_CONVERSION = YES;
				CLANG_WARN_INFINITE_RECURSION = YES;
				CLANG_WARN_INT_CONVERSION = YES;
				CLANG_WARN_OBJC_ROOT_CLASS = YES_ERROR;
				CLANG_WARN_SUSPICIOUS_MOVE = YES;
				CLANG_WARN_UNREACHABLE_CODE = YES;
				CLANG_WARN__DUPLICATE_METHOD_MATCH = YES;
				"CODE_SIGN_IDENTITY[sdk=iphoneos*]" = "iPhone Developer";
				COPY_PHASE_STRIP = NO;
				DEBUG_INFORMATION_FORMAT = "dwarf-with-dsym";
				ENABLE_NS_ASSERTIONS = NO;
				ENABLE_STRICT_OBJC_MSGSEND = YES;
				GCC_C_LANGUAGE_STANDARD = gnu99;
				GCC_NO_COMMON_BLOCKS = YES;
				GCC_WARN_64_TO_32_BIT_CONVERSION = YES;
				GCC_WARN_ABOUT_RETURN_TYPE = YES_ERROR;
				GCC_WARN_UNDECLARED_SELECTOR = YES;
				GCC_WARN_UNINITIALIZED_AUTOS = YES_AGGRESSIVE;
				GCC_WARN_UNUSED_FUNCTION = YES;
				GCC_WARN_UNUSED_VARIABLE = YES;
				IPHONEOS_DEPLOYMENT_TARGET = 10.2;
				MTL_ENABLE_DEBUG_INFO = NO;
				SDKROOT = iphoneos;
				SWIFT_OPTIMIZATION_LEVEL = "-Owholemodule";
				TARGETED_DEVICE_FAMILY = "1,2";
				VALIDATE_PRODUCT = YES;
			};
			name = Release;
		};
		C0434FA61FC8704F00D56E42 /* Debug */ = {
			isa = XCBuildConfiguration;
			buildSettings = {
				ASSETCATALOG_COMPILER_APPICON_NAME = AppIcon;
				DEVELOPMENT_TEAM = V4P7JY664L;
				INFOPLIST_FILE = DreamLister/Info.plist;
				LD_RUNPATH_SEARCH_PATHS = "$(inherited) @executable_path/Frameworks";
				PRODUCT_BUNDLE_IDENTIFIER = com.winedarkproductions.DreamLister;
				PRODUCT_NAME = "$(TARGET_NAME)";
				SWIFT_VERSION = 3.0;
			};
			name = Debug;
		};
		C0434FA71FC8704F00D56E42 /* Release */ = {
			isa = XCBuildConfiguration;
			buildSettings = {
				ASSETCATALOG_COMPILER_APPICON_NAME = AppIcon;
				DEVELOPMENT_TEAM = V4P7JY664L;
				INFOPLIST_FILE = DreamLister/Info.plist;
				LD_RUNPATH_SEARCH_PATHS = "$(inherited) @executable_path/Frameworks";
				PRODUCT_BUNDLE_IDENTIFIER = com.winedarkproductions.DreamLister;
				PRODUCT_NAME = "$(TARGET_NAME)";
				SWIFT_VERSION = 3.0;
			};
			name = Release;
		};
/* End XCBuildConfiguration section */

/* Begin XCConfigurationList section */
		C0434F8B1FC8704E00D56E42 /* Build configuration list for PBXProject "DreamLister" */ = {
			isa = XCConfigurationList;
			buildConfigurations = (
				C0434FA31FC8704F00D56E42 /* Debug */,
				C0434FA41FC8704F00D56E42 /* Release */,
			);
			defaultConfigurationIsVisible = 0;
			defaultConfigurationName = Release;
		};
		C0434FA51FC8704F00D56E42 /* Build configuration list for PBXNativeTarget "DreamLister" */ = {
			isa = XCConfigurationList;
			buildConfigurations = (
				C0434FA61FC8704F00D56E42 /* Debug */,
				C0434FA71FC8704F00D56E42 /* Release */,
			);
			defaultConfigurationIsVisible = 0;
		};
/* End XCConfigurationList section */

/* Begin XCVersionGroup section */
		C0434F9A1FC8704F00D56E42 /* DreamLister.xcdatamodeld */ = {
			isa = XCVersionGroup;
			children = (
				C0434F9B1FC8704F00D56E42 /* DreamLister.xcdatamodel */,
			);
			currentVersion = C0434F9B1FC8704F00D56E42 /* DreamLister.xcdatamodel */;
			path = DreamLister.xcdatamodeld;
			sourceTree = "<group>";
			versionGroupType = wrapper.xcdatamodel;
		};
/* End XCVersionGroup section */
	};
	rootObject = C0434F881FC8704E00D56E42 /* Project object */;
}
